
Microsoft Visual Studio Solution File, Format Version 12.00
# Visual Studio Version 16
VisualStudioVersion = 16.0.31402.337
MinimumVisualStudioVersion = 10.0.40219.1
Project("{FAE04EC0-301F-11D3-BF4B-00C04F79EFBC}") = "NES Emulator", "NES Emulator\NES Emulator.csproj", "{F436B5C3-B3D5-40CB-95FE-D4FC17C83D92}"
EndProject
Global
	GlobalSection(SolutionConfigurationPlatforms) = preSolution
		Debug|Any CPU = Debug|Any CPU
		Release|Any CPU = Release|Any CPU
	EndGlobalSection
	GlobalSection(ProjectConfigurationPlatforms) = postSolution
		{F436B5C3-B3D5-40CB-95FE-D4FC17C83D92}.Debug|Any CPU.ActiveCfg = Debug|Any CPU
		{F436B5C3-B3D5-40CB-95FE-D4FC17C83D92}.Debug|Any CPU.Build.0 = Debug|Any CPU
		{F436B5C3-B3D5-40CB-95FE-D4FC17C83D92}.Release|Any CPU.ActiveCfg = Release|Any CPU
		{F436B5C3-B3D5-40CB-95FE-D4FC17C83D92}.Release|Any CPU.Build.0 = Release|Any CPU
	EndGlobalSection
	GlobalSection(SolutionProperties) = preSolution
		HideSolutionNode = FALSE
	EndGlobalSection
	GlobalSection(ExtensibilityGlobals) = postSolution
		SolutionGuid = {7E40D8C1-3766-4177-8001-6A31BCDF0ABD}
	EndGlobalSection
EndGlobal
